// !$*UTF8*$!
{
	archiveVersion = 1;
	classes = {
	};
	objectVersion = 46;
	objects = {

/* Begin PBXBuildFile section */
		E4E7FF081C1B19FD0069F4A8 /* AppDelegate.swift in Sources */ = {isa = PBXBuildFile; fileRef = E4E7FF071C1B19FD0069F4A8 /* AppDelegate.swift */; };
		E4E7FF0A1C1B19FD0069F4A8 /* ViewController.swift in Sources */ = {isa = PBXBuildFile; fileRef = E4E7FF091C1B19FD0069F4A8 /* ViewController.swift */; };
		E4E7FF0D1C1B19FD0069F4A8 /* Main.storyboard in Resources */ = {isa = PBXBuildFile; fileRef = E4E7FF0B1C1B19FD0069F4A8 /* Main.storyboard */; };
		E4E7FF0F1C1B19FD0069F4A8 /* Assets.xcassets in Resources */ = {isa = PBXBuildFile; fileRef = E4E7FF0E1C1B19FD0069F4A8 /* Assets.xcassets */; };
		E4E7FF121C1B19FD0069F4A8 /* LaunchScreen.storyboard in Resources */ = {isa = PBXBuildFile; fileRef = E4E7FF101C1B19FD0069F4A8 /* LaunchScreen.storyboard */; };
		E4E7FF1D1C1B19FD0069F4A8 /* UISegmentedControllerTests.swift in Sources */ = {isa = PBXBuildFile; fileRef = E4E7FF1C1C1B19FD0069F4A8 /* UISegmentedControllerTests.swift */; };
		E4E7FF281C1B19FD0069F4A8 /* UISegmentedControllerUITests.swift in Sources */ = {isa = PBXBuildFile; fileRef = E4E7FF271C1B19FD0069F4A8 /* UISegmentedControllerUITests.swift */; };
/* End PBXBuildFile section */

/* Begin PBXContainerItemProxy section */
		E4E7FF191C1B19FD0069F4A8 /* PBXContainerItemProxy */ = {
			isa = PBXContainerItemProxy;
			containerPortal = E4E7FEFC1C1B19FD0069F4A8 /* Project object */;
			proxyType = 1;
			remoteGlobalIDString = E4E7FF031C1B19FD0069F4A8;
			remoteInfo = UISegmentedController;
		};
		E4E7FF241C1B19FD0069F4A8 /* PBXContainerItemProxy */ = {
			isa = PBXContainerItemProxy;
			containerPortal = E4E7FEFC1C1B19FD0069F4A8 /* Project object */;
			proxyType = 1;
			remoteGlobalIDString = E4E7FF031C1B19FD0069F4A8;
			remoteInfo = UISegmentedController;
		};
/* End PBXContainerItemProxy section */

/* Begin PBXFileReference section */
		E4E7FF041C1B19FD0069F4A8 /* UISegmentedController.app */ = {isa = PBXFileReference; explicitFileType = wrapper.application; includeInIndex = 0; path = UISegmentedController.app; sourceTree = BUILT_PRODUCTS_DIR; };
		E4E7FF071C1B19FD0069F4A8 /* AppDelegate.swift */ = {isa = PBXFileReference; lastKnownFileType = sourcecode.swift; path = AppDelegate.swift; sourceTree = "<group>"; };
		E4E7FF091C1B19FD0069F4A8 /* ViewController.swift */ = {isa = PBXFileReference; lastKnownFileType = sourcecode.swift; path = ViewController.swift; sourceTree = "<group>"; };
		E4E7FF0C1C1B19FD0069F4A8 /* Base */ = {isa = PBXFileReference; lastKnownFileType = file.storyboard; name = Base; path = Base.lproj/Main.storyboard; sourceTree = "<group>"; };
		E4E7FF0E1C1B19FD0069F4A8 /* Assets.xcassets */ = {isa = PBXFileReference; lastKnownFileType = folder.assetcatalog; path = Assets.xcassets; sourceTree = "<group>"; };
		E4E7FF111C1B19FD0069F4A8 /* Base */ = {isa = PBXFileReference; lastKnownFileType = file.storyboard; name = Base; path = Base.lproj/LaunchScreen.storyboard; sourceTree = "<group>"; };
		E4E7FF131C1B19FD0069F4A8 /* Info.plist */ = {isa = PBXFileReference; lastKnownFileType = text.plist.xml; path = Info.plist; sourceTree = "<group>"; };
		E4E7FF181C1B19FD0069F4A8 /* UISegmentedControllerTests.xctest */ = {isa = PBXFileReference; explicitFileType = wrapper.cfbundle; includeInIndex = 0; path = UISegmentedControllerTests.xctest; sourceTree = BUILT_PRODUCTS_DIR; };
		E4E7FF1C1C1B19FD0069F4A8 /* UISegmentedControllerTests.swift */ = {isa = PBXFileReference; lastKnownFileType = sourcecode.swift; path = UISegmentedControllerTests.swift; sourceTree = "<group>"; };
		E4E7FF1E1C1B19FD0069F4A8 /* Info.plist */ = {isa = PBXFileReference; lastKnownFileType = text.plist.xml; path = Info.plist; sourceTree = "<group>"; };
		E4E7FF231C1B19FD0069F4A8 /* UISegmentedControllerUITests.xctest */ = {isa = PBXFileReference; explicitFileType = wrapper.cfbundle; includeInIndex = 0; path = UISegmentedControllerUITests.xctest; sourceTree = BUILT_PRODUCTS_DIR; };
		E4E7FF271C1B19FD0069F4A8 /* UISegmentedControllerUITests.swift */ = {isa = PBXFileReference; lastKnownFileType = sourcecode.swift; path = UISegmentedControllerUITests.swift; sourceTree = "<group>"; };
		E4E7FF291C1B19FD0069F4A8 /* Info.plist */ = {isa = PBXFileReference; lastKnownFileType = text.plist.xml; path = Info.plist; sourceTree = "<group>"; };
/* End PBXFileReference section */

/* Begin PBXFrameworksBuildPhase section */
		E4E7FF011C1B19FD0069F4A8 /* Frameworks */ = {
			isa = PBXFrameworksBuildPhase;
			buildActionMask = 2147483647;
			files = (
			);
			runOnlyForDeploymentPostprocessing = 0;
		};
		E4E7FF151C1B19FD0069F4A8 /* Frameworks */ = {
			isa = PBXFrameworksBuildPhase;
			buildActionMask = 2147483647;
			files = (
			);
			runOnlyForDeploymentPostprocessing = 0;
		};
		E4E7FF201C1B19FD0069F4A8 /* Frameworks */ = {
			isa = PBXFrameworksBuildPhase;
			buildActionMask = 2147483647;
			files = (
			);
			runOnlyForDeploymentPostprocessing = 0;
		};
/* End PBXFrameworksBuildPhase section */

/* Begin PBXGroup section */
		E4E7FEFB1C1B19FD0069F4A8 = {
			isa = PBXGroup;
			children = (
				E4E7FF061C1B19FD0069F4A8 /* UISegmentedController */,
				E4E7FF1B1C1B19FD0069F4A8 /* UISegmentedControllerTests */,
				E4E7FF261C1B19FD0069F4A8 /* UISegmentedControllerUITests */,
				E4E7FF051C1B19FD0069F4A8 /* Products */,
			);
			sourceTree = "<group>";
		};
		E4E7FF051C1B19FD0069F4A8 /* Products */ = {
			isa = PBXGroup;
			children = (
				E4E7FF041C1B19FD0069F4A8 /* UISegmentedController.app */,
				E4E7FF181C1B19FD0069F4A8 /* UISegmentedControllerTests.xctest */,
				E4E7FF231C1B19FD0069F4A8 /* UISegmentedControllerUITests.xctest */,
			);
			name = Products;
			sourceTree = "<group>";
		};
		E4E7FF061C1B19FD0069F4A8 /* UISegmentedController */ = {
			isa = PBXGroup;
			children = (
				E4E7FF071C1B19FD0069F4A8 /* AppDelegate.swift */,
				E4E7FF091C1B19FD0069F4A8 /* ViewController.swift */,
				E4E7FF0B1C1B19FD0069F4A8 /* Main.storyboard */,
				E4E7FF0E1C1B19FD0069F4A8 /* Assets.xcassets */,
				E4E7FF101C1B19FD0069F4A8 /* LaunchScreen.storyboard */,
				E4E7FF131C1B19FD0069F4A8 /* Info.plist */,
			);
			path = UISegmentedController;
			sourceTree = "<group>";
		};
		E4E7FF1B1C1B19FD0069F4A8 /* UISegmentedControllerTests */ = {
			isa = PBXGroup;
			children = (
				E4E7FF1C1C1B19FD0069F4A8 /* UISegmentedControllerTests.swift */,
				E4E7FF1E1C1B19FD0069F4A8 /* Info.plist */,
			);
			path = UISegmentedControllerTests;
			sourceTree = "<group>";
		};
		E4E7FF261C1B19FD0069F4A8 /* UISegmentedControllerUITests */ = {
			isa = PBXGroup;
			children = (
				E4E7FF271C1B19FD0069F4A8 /* UISegmentedControllerUITests.swift */,
				E4E7FF291C1B19FD0069F4A8 /* Info.plist */,
			);
			path = UISegmentedControllerUITests;
			sourceTree = "<group>";
		};
/* End PBXGroup section */

/* Begin PBXNativeTarget section */
		E4E7FF031C1B19FD0069F4A8 /* UISegmentedController */ = {
			isa = PBXNativeTarget;
			buildConfigurationList = E4E7FF2C1C1B19FD0069F4A8 /* Build configuration list for PBXNativeTarget "UISegmentedController" */;
			buildPhases = (
				E4E7FF001C1B19FD0069F4A8 /* Sources */,
				E4E7FF011C1B19FD0069F4A8 /* Frameworks */,
				E4E7FF021C1B19FD0069F4A8 /* Resources */,
			);
			buildRules = (
			);
			dependencies = (
			);
			name = UISegmentedController;
			productName = UISegmentedController;
			productReference = E4E7FF041C1B19FD0069F4A8 /* UISegmentedController.app */;
			productType = "com.apple.product-type.application";
		};
		E4E7FF171C1B19FD0069F4A8 /* UISegmentedControllerTests */ = {
			isa = PBXNativeTarget;
			buildConfigurationList = E4E7FF2F1C1B19FD0069F4A8 /* Build configuration list for PBXNativeTarget "UISegmentedControllerTests" */;
			buildPhases = (
				E4E7FF141C1B19FD0069F4A8 /* Sources */,
				E4E7FF151C1B19FD0069F4A8 /* Frameworks */,
				E4E7FF161C1B19FD0069F4A8 /* Resources */,
			);
			buildRules = (
			);
			dependencies = (
				E4E7FF1A1C1B19FD0069F4A8 /* PBXTargetDependency */,
			);
			name = UISegmentedControllerTests;
			productName = UISegmentedControllerTests;
			productReference = E4E7FF181C1B19FD0069F4A8 /* UISegmentedControllerTests.xctest */;
			productType = "com.apple.product-type.bundle.unit-test";
		};
		E4E7FF221C1B19FD0069F4A8 /* UISegmentedControllerUITests */ = {
			isa = PBXNativeTarget;
			buildConfigurationList = E4E7FF321C1B19FD0069F4A8 /* Build configuration list for PBXNativeTarget "UISegmentedControllerUITests" */;
			buildPhases = (
				E4E7FF1F1C1B19FD0069F4A8 /* Sources */,
				E4E7FF201C1B19FD0069F4A8 /* Frameworks */,
				E4E7FF211C1B19FD0069F4A8 /* Resources */,
			);
			buildRules = (
			);
			dependencies = (
				E4E7FF251C1B19FD0069F4A8 /* PBXTargetDependency */,
			);
			name = UISegmentedControllerUITests;
			productName = UISegmentedControllerUITests;
			productReference = E4E7FF231C1B19FD0069F4A8 /* UISegmentedControllerUITests.xctest */;
			productType = "com.apple.product-type.bundle.ui-testing";
		};
/* End PBXNativeTarget section */

/* Begin PBXProject section */
		E4E7FEFC1C1B19FD0069F4A8 /* Project object */ = {
			isa = PBXProject;
			attributes = {
				LastSwiftUpdateCheck = 0720;
				LastUpgradeCheck = 0720;
				ORGANIZATIONNAME = mstcode;
				TargetAttributes = {
					E4E7FF031C1B19FD0069F4A8 = {
						CreatedOnToolsVersion = 7.2;
					};
					E4E7FF171C1B19FD0069F4A8 = {
						CreatedOnToolsVersion = 7.2;
						TestTargetID = E4E7FF031C1B19FD0069F4A8;
					};
					E4E7FF221C1B19FD0069F4A8 = {
						CreatedOnToolsVersion = 7.2;
						TestTargetID = E4E7FF031C1B19FD0069F4A8;
					};
				};
			};
			buildConfigurationList = E4E7FEFF1C1B19FD0069F4A8 /* Build configuration list for PBXProject "UISegmentedController" */;
			compatibilityVersion = "Xcode 3.2";
			developmentRegion = English;
			hasScannedForEncodings = 0;
			knownRegions = (
				en,
				Base,
			);
			mainGroup = E4E7FEFB1C1B19FD0069F4A8;
			productRefGroup = E4E7FF051C1B19FD0069F4A8 /* Products */;
			projectDirPath = "";
			projectRoot = "";
			targets = (
				E4E7FF031C1B19FD0069F4A8 /* UISegmentedController */,
				E4E7FF171C1B19FD0069F4A8 /* UISegmentedControllerTests */,
				E4E7FF221C1B19FD0069F4A8 /* UISegmentedControllerUITests */,
			);
		};
/* End PBXProject section */

/* Begin PBXResourcesBuildPhase section */
		E4E7FF021C1B19FD0069F4A8 /* Resources */ = {
			isa = PBXResourcesBuildPhase;
			buildActionMask = 2147483647;
			files = (
				E4E7FF121C1B19FD0069F4A8 /* LaunchScreen.storyboard in Resources */,
				E4E7FF0F1C1B19FD0069F4A8 /* Assets.xcassets in Resources */,
				E4E7FF0D1C1B19FD0069F4A8 /* Main.storyboard in Resources */,
			);
			runOnlyForDeploymentPostprocessing = 0;
		};
		E4E7FF161C1B19FD0069F4A8 /* Resources */ = {
			isa = PBXResourcesBuildPhase;
			buildActionMask = 2147483647;
			files = (
			);
			runOnlyForDeploymentPostprocessing = 0;
		};
		E4E7FF211C1B19FD0069F4A8 /* Resources */ = {
			isa = PBXResourcesBuildPhase;
			buildActionMask = 2147483647;
			files = (
			);
			runOnlyForDeploymentPostprocessing = 0;
		};
/* End PBXResourcesBuildPhase section */

/* Begin PBXSourcesBuildPhase section */
		E4E7FF001C1B19FD0069F4A8 /* Sources */ = {
			isa = PBXSourcesBuildPhase;
			buildActionMask = 2147483647;
			files = (
				E4E7FF0A1C1B19FD0069F4A8 /* ViewController.swift in Sources */,
				E4E7FF081C1B19FD0069F4A8 /* AppDelegate.swift in Sources */,
			);
			runOnlyForDeploymentPostprocessing = 0;
		};
		E4E7FF141C1B19FD0069F4A8 /* Sources */ = {
			isa = PBXSourcesBuildPhase;
			buildActionMask = 2147483647;
			files = (
				E4E7FF1D1C1B19FD0069F4A8 /* UISegmentedControllerTests.swift in Sources */,
			);
			runOnlyForDeploymentPostprocessing = 0;
		};
		E4E7FF1F1C1B19FD0069F4A8 /* Sources */ = {
			isa = PBXSourcesBuildPhase;
			buildActionMask = 2147483647;
			files = (
				E4E7FF281C1B19FD0069F4A8 /* UISegmentedControllerUITests.swift in Sources */,
			);
			runOnlyForDeploymentPostprocessing = 0;
		};
/* End PBXSourcesBuildPhase section */

/* Begin PBXTargetDependency section */
		E4E7FF1A1C1B19FD0069F4A8 /* PBXTargetDependency */ = {
			isa = PBXTargetDependency;
			target = E4E7FF031C1B19FD0069F4A8 /* UISegmentedController */;
			targetProxy = E4E7FF191C1B19FD0069F4A8 /* PBXContainerItemProxy */;
		};
		E4E7FF251C1B19FD0069F4A8 /* PBXTargetDependency */ = {
			isa = PBXTargetDependency;
			target = E4E7FF031C1B19FD0069F4A8 /* UISegmentedController */;
			targetProxy = E4E7FF241C1B19FD0069F4A8 /* PBXContainerItemProxy */;
		};
/* End PBXTargetDependency section */

/* Begin PBXVariantGroup section */
		E4E7FF0B1C1B19FD0069F4A8 /* Main.storyboard */ = {
			isa = PBXVariantGroup;
			children = (
				E4E7FF0C1C1B19FD0069F4A8 /* Base */,
			);
			name = Main.storyboard;
			sourceTree = "<group>";
		};
		E4E7FF101C1B19FD0069F4A8 /* LaunchScreen.storyboard */ = {
			isa = PBXVariantGroup;
			children = (
				E4E7FF111C1B19FD0069F4A8 /* Base */,
			);
			name = LaunchScreen.storyboard;
			sourceTree = "<group>";
		};
/* End PBXVariantGroup section */

/* Begin XCBuildConfiguration section */
		E4E7FF2A1C1B19FD0069F4A8 /* Debug */ = {
			isa = XCBuildConfiguration;
			buildSettings = {
				ALWAYS_SEARCH_USER_PATHS = NO;
				CLANG_CXX_LANGUAGE_STANDARD = "gnu++0x";
				CLANG_CXX_LIBRARY = "libc++";
				CLANG_ENABLE_MODULES = YES;
				CLANG_ENABLE_OBJC_ARC = YES;
				CLANG_WARN_BOOL_CONVERSION = YES;
				CLANG_WARN_CONSTANT_CONVERSION = YES;
				CLANG_WARN_DIRECT_OBJC_ISA_USAGE = YES_ERROR;
				CLANG_WARN_EMPTY_BODY = YES;
				CLANG_WARN_ENUM_CONVERSION = YES;
				CLANG_WARN_INT_CONVERSION = YES;
				CLANG_WARN_OBJC_ROOT_CLASS = YES_ERROR;
				CLANG_WARN_UNREACHABLE_CODE = YES;
				CLANG_WARN__DUPLICATE_METHOD_MATCH = YES;
				"CODE_SIGN_IDENTITY[sdk=iphoneos*]" = "iPhone Developer";
				COPY_PHASE_STRIP = NO;
				DEBUG_INFORMATION_FORMAT = dwarf;
				ENABLE_STRICT_OBJC_MSGSEND = YES;
				ENABLE_TESTABILITY = YES;
				GCC_C_LANGUAGE_STANDARD = gnu99;
				GCC_DYNAMIC_NO_PIC = NO;
				GCC_NO_COMMON_BLOCKS = YES;
				GCC_OPTIMIZATION_LEVEL = 0;
				GCC_PREPROCESSOR_DEFINITIONS = (
					"DEBUG=1",
					"$(inherited)",
				);
				GCC_WARN_64_TO_32_BIT_CONVERSION = YES;
				GCC_WARN_ABOUT_RETURN_TYPE = YES_ERROR;
				GCC_WARN_UNDECLARED_SELECTOR = YES;
				GCC_WARN_UNINITIALIZED_AUTOS = YES_AGGRESSIVE;
				GCC_WARN_UNUSED_FUNCTION = YES;
				GCC_WARN_UNUSED_VARIABLE = YES;
				IPHONEOS_DEPLOYMENT_TARGET = 9.2;
				MTL_ENABLE_DEBUG_INFO = YES;
				ONLY_ACTIVE_ARCH = YES;
				SDKROOT = iphoneos;
				SWIFT_OPTIMIZATION_LEVEL = "-Onone";
				TARGETED_DEVICE_FAMILY = "1,2";
			};
			name = Debug;
		};
		E4E7FF2B1C1B19FD0069F4A8 /* Release */ = {
			isa = XCBuildConfiguration;
			buildSettings = {
				ALWAYS_SEARCH_USER_PATHS = NO;
				CLANG_CXX_LANGUAGE_STANDARD = "gnu++0x";
				CLANG_CXX_LIBRARY = "libc++";
				CLANG_ENABLE_MODULES = YES;
				CLANG_ENABLE_OBJC_ARC = YES;
				CLANG_WARN_BOOL_CONVERSION = YES;
				CLANG_WARN_CONSTANT_CONVERSION = YES;
				CLANG_WARN_DIRECT_OBJC_ISA_USAGE = YES_ERROR;
				CLANG_WARN_EMPTY_BODY = YES;
				CLANG_WARN_ENUM_CONVERSION = YES;
				CLANG_WARN_INT_CONVERSION = YES;
				CLANG_WARN_OBJC_ROOT_CLASS = YES_ERROR;
				CLANG_WARN_UNREACHABLE_CODE = YES;
				CLANG_WARN__DUPLICATE_METHOD_MATCH = YES;
				"CODE_SIGN_IDENTITY[sdk=iphoneos*]" = "iPhone Developer";
				COPY_PHASE_STRIP = NO;
				DEBUG_INFORMATION_FORMAT = "dwarf-with-dsym";
				ENABLE_NS_ASSERTIONS = NO;
				ENABLE_STRICT_OBJC_MSGSEND = YES;
				GCC_C_LANGUAGE_STANDARD = gnu99;
				GCC_NO_COMMON_BLOCKS = YES;
				GCC_WARN_64_TO_32_BIT_CONVERSION = YES;
				GCC_WARN_ABOUT_RETURN_TYPE = YES_ERROR;
				GCC_WARN_UNDECLARED_SELECTOR = YES;
				GCC_WARN_UNINITIALIZED_AUTOS = YES_AGGRESSIVE;
				GCC_WARN_UNUSED_FUNCTION = YES;
				GCC_WARN_UNUSED_VARIABLE = YES;
				IPHONEOS_DEPLOYMENT_TARGET = 9.2;
				MTL_ENABLE_DEBUG_INFO = NO;
				SDKROOT = iphoneos;
				TARGETED_DEVICE_FAMILY = "1,2";
				VALIDATE_PRODUCT = YES;
			};
			name = Release;
		};
		E4E7FF2D1C1B19FD0069F4A8 /* Debug */ = {
			isa = XCBuildConfiguration;
			buildSettings = {
				ASSETCATALOG_COMPILER_APPICON_NAME = AppIcon;
				INFOPLIST_FILE = UISegmentedController/Info.plist;
				LD_RUNPATH_SEARCH_PATHS = "$(inherited) @executable_path/Frameworks";
				PRODUCT_BUNDLE_IDENTIFIER = com.mstcode.UISegmentedController;
				PRODUCT_NAME = "$(TARGET_NAME)";
			};
			name = Debug;
		};
		E4E7FF2E1C1B19FD0069F4A8 /* Release */ = {
			isa = XCBuildConfiguration;
			buildSettings = {
				ASSETCATALOG_COMPILER_APPICON_NAME = AppIcon;
				INFOPLIST_FILE = UISegmentedController/Info.plist;
				LD_RUNPATH_SEARCH_PATHS = "$(inherited) @executable_path/Frameworks";
				PRODUCT_BUNDLE_IDENTIFIER = com.mstcode.UISegmentedController;
				PRODUCT_NAME = "$(TARGET_NAME)";
			};
			name = Release;
		};
		E4E7FF301C1B19FD0069F4A8 /* Debug */ = {
			isa = XCBuildConfiguration;
			buildSettings = {
				BUNDLE_LOADER = "$(TEST_HOST)";
				INFOPLIST_FILE = UISegmentedControllerTests/Info.plist;
				LD_RUNPATH_SEARCH_PATHS = "$(inherited) @executable_path/Frameworks @loader_path/Frameworks";
				PRODUCT_BUNDLE_IDENTIFIER = com.mstcode.UISegmentedControllerTests;
				PRODUCT_NAME = "$(TARGET_NAME)";
				TEST_HOST = "$(BUILT_PRODUCTS_DIR)/UISegmentedController.app/UISegmentedController";
			};
			name = Debug;
		};
		E4E7FF311C1B19FD0069F4A8 /* Release */ = {
			isa = XCBuildConfiguration;
			buildSettings = {
				BUNDLE_LOADER = "$(TEST_HOST)";
				INFOPLIST_FILE = UISegmentedControllerTests/Info.plist;
				LD_RUNPATH_SEARCH_PATHS = "$(inherited) @executable_path/Frameworks @loader_path/Frameworks";
				PRODUCT_BUNDLE_IDENTIFIER = com.mstcode.UISegmentedControllerTests;
				PRODUCT_NAME = "$(TARGET_NAME)";
				TEST_HOST = "$(BUILT_PRODUCTS_DIR)/UISegmentedController.app/UISegmentedController";
			};
			name = Release;
		};
		E4E7FF331C1B19FD0069F4A8 /* Debug */ = {
			isa = XCBuildConfiguration;
			buildSettings = {
				INFOPLIST_FILE = UISegmentedControllerUITests/Info.plist;
				LD_RUNPATH_SEARCH_PATHS = "$(inherited) @executable_path/Frameworks @loader_path/Frameworks";
				PRODUCT_BUNDLE_IDENTIFIER = com.mstcode.UISegmentedControllerUITests;
				PRODUCT_NAME = "$(TARGET_NAME)";
				TEST_TARGET_NAME = UISegmentedController;
				USES_XCTRUNNER = YES;
			};
			name = Debug;
		};
		E4E7FF341C1B19FD0069F4A8 /* Release */ = {
			isa = XCBuildConfiguration;
			buildSettings = {
				INFOPLIST_FILE = UISegmentedControllerUITests/Info.plist;
				LD_RUNPATH_SEARCH_PATHS = "$(inherited) @executable_path/Frameworks @loader_path/Frameworks";
				PRODUCT_BUNDLE_IDENTIFIER = com.mstcode.UISegmentedControllerUITests;
				PRODUCT_NAME = "$(TARGET_NAME)";
				TEST_TARGET_NAME = UISegmentedController;
				USES_XCTRUNNER = YES;
			};
			name = Release;
		};
/* End XCBuildConfiguration section */

/* Begin XCConfigurationList section */
		E4E7FEFF1C1B19FD0069F4A8 /* Build configuration list for PBXProject "UISegmentedController" */ = {
			isa = XCConfigurationList;
			buildConfigurations = (
				E4E7FF2A1C1B19FD0069F4A8 /* Debug */,
				E4E7FF2B1C1B19FD0069F4A8 /* Release */,
			);
			defaultConfigurationIsVisible = 0;
			defaultConfigurationName = Release;
		};
		E4E7FF2C1C1B19FD0069F4A8 /* Build configuration list for PBXNativeTarget "UISegmentedController" */ = {
			isa = XCConfigurationList;
			buildConfigurations = (
				E4E7FF2D1C1B19FD0069F4A8 /* Debug */,
				E4E7FF2E1C1B19FD0069F4A8 /* Release */,
			);
			defaultConfigurationIsVisible = 0;
		};
		E4E7FF2F1C1B19FD0069F4A8 /* Build configuration list for PBXNativeTarget "UISegmentedControllerTests" */ = {
			isa = XCConfigurationList;
			buildConfigurations = (
				E4E7FF301C1B19FD0069F4A8 /* Debug */,
				E4E7FF311C1B19FD0069F4A8 /* Release */,
			);
			defaultConfigurationIsVisible = 0;
		};
		E4E7FF321C1B19FD0069F4A8 /* Build configuration list for PBXNativeTarget "UISegmentedControllerUITests" */ = {
			isa = XCConfigurationList;
			buildConfigurations = (
				E4E7FF331C1B19FD0069F4A8 /* Debug */,
				E4E7FF341C1B19FD0069F4A8 /* Release */,
			);
			defaultConfigurationIsVisible = 0;
		};
/* End XCConfigurationList section */
	};
	rootObject = E4E7FEFC1C1B19FD0069F4A8 /* Project object */;
}
